
Microsoft Visual Studio Solution File, Format Version 12.00
# Visual Studio Version 17
VisualStudioVersion = 17.9.34723.18
MinimumVisualStudioVersion = 10.0.40219.1
Project("{FAE04EC0-301F-11D3-BF4B-00C04F79EFBC}") = "DDP", "DDP\DDP.csproj", "{ABD117AF-BAA2-472C-A672-1A49488FAE5C}"
EndProject
Global
	GlobalSection(SolutionConfigurationPlatforms) = preSolution
		Debug|Any CPU = Debug|Any CPU
		Release|Any CPU = Release|Any CPU
	EndGlobalSection
	GlobalSection(ProjectConfigurationPlatforms) = postSolution
		{ABD117AF-BAA2-472C-A672-1A49488FAE5C}.Debug|Any CPU.ActiveCfg = Debug|Any CPU
		{ABD117AF-BAA2-472C-A672-1A49488FAE5C}.Debug|Any CPU.Build.0 = Debug|Any CPU
		{ABD117AF-BAA2-472C-A672-1A49488FAE5C}.Release|Any CPU.ActiveCfg = Release|Any CPU
		{ABD117AF-BAA2-472C-A672-1A49488FAE5C}.Release|Any CPU.Build.0 = Release|Any CPU
	EndGlobalSection
	GlobalSection(SolutionProperties) = preSolution
		HideSolutionNode = FALSE
	EndGlobalSection
	GlobalSection(ExtensibilityGlobals) = postSolution
		SolutionGuid = {5AE04ABA-92AA-47CC-AEC7-7BFD01815BEE}
	EndGlobalSection
EndGlobal
